
Microsoft Visual Studio Solution File, Format Version 12.00
# Visual Studio 14
VisualStudioVersion = 14.0.25420.1
MinimumVisualStudioVersion = 10.0.40219.1
Project("{FAE04EC0-301F-11D3-BF4B-00C04F79EFBC}") = "Sept11-2017ListsClassPractice", "Sept11-2017ListsClassPractice\Sept11-2017ListsClassPractice.csproj", "{34BCA72C-A540-41CC-B793-0A0BCD0B8F6D}"
EndProject
Global
	GlobalSection(SolutionConfigurationPlatforms) = preSolution
		Debug|Any CPU = Debug|Any CPU
		Release|Any CPU = Release|Any CPU
	EndGlobalSection
	GlobalSection(ProjectConfigurationPlatforms) = postSolution
		{34BCA72C-A540-41CC-B793-0A0BCD0B8F6D}.Debug|Any CPU.ActiveCfg = Debug|Any CPU
		{34BCA72C-A540-41CC-B793-0A0BCD0B8F6D}.Debug|Any CPU.Build.0 = Debug|Any CPU
		{34BCA72C-A540-41CC-B793-0A0BCD0B8F6D}.Release|Any CPU.ActiveCfg = Release|Any CPU
		{34BCA72C-A540-41CC-B793-0A0BCD0B8F6D}.Release|Any CPU.Build.0 = Release|Any CPU
	EndGlobalSection
	GlobalSection(SolutionProperties) = preSolution
		HideSolutionNode = FALSE
	EndGlobalSection
EndGlobal
